// !$*UTF8*$!
{
	archiveVersion = 1;
	classes = {
	};
	objectVersion = 56;
	objects = {

/* Begin PBXBuildFile section */
		CEBDFBDB2B0AFFF900D43BF9 /* SwiftUICoinOrderbookApp.swift in Sources */ = {isa = PBXBuildFile; fileRef = CEBDFBDA2B0AFFF900D43BF9 /* SwiftUICoinOrderbookApp.swift */; };
		CEBDFBDD2B0AFFF900D43BF9 /* ContentView.swift in Sources */ = {isa = PBXBuildFile; fileRef = CEBDFBDC2B0AFFF900D43BF9 /* ContentView.swift */; };
		CEBDFBDF2B0AFFFA00D43BF9 /* Assets.xcassets in Resources */ = {isa = PBXBuildFile; fileRef = CEBDFBDE2B0AFFFA00D43BF9 /* Assets.xcassets */; };
		CEBDFBE22B0AFFFA00D43BF9 /* Preview Assets.xcassets in Resources */ = {isa = PBXBuildFile; fileRef = CEBDFBE12B0AFFFA00D43BF9 /* Preview Assets.xcassets */; };
		CEBDFBEA2B0B090E00D43BF9 /* Banner.swift in Sources */ = {isa = PBXBuildFile; fileRef = CEBDFBE82B0B090E00D43BF9 /* Banner.swift */; };
		CEBDFBEB2B0B090E00D43BF9 /* Money.swift in Sources */ = {isa = PBXBuildFile; fileRef = CEBDFBE92B0B090E00D43BF9 /* Money.swift */; };
		CEBDFBED2B0B0A7E00D43BF9 /* ContentViewAssignment.swift in Sources */ = {isa = PBXBuildFile; fileRef = CEBDFBEC2B0B0A7E00D43BF9 /* ContentViewAssignment.swift */; };
/* End PBXBuildFile section */

/* Begin PBXFileReference section */
		CEBDFBD72B0AFFF900D43BF9 /* SwiftUICoinOrderbook.app */ = {isa = PBXFileReference; explicitFileType = wrapper.application; includeInIndex = 0; path = SwiftUICoinOrderbook.app; sourceTree = BUILT_PRODUCTS_DIR; };
		CEBDFBDA2B0AFFF900D43BF9 /* SwiftUICoinOrderbookApp.swift */ = {isa = PBXFileReference; lastKnownFileType = sourcecode.swift; path = SwiftUICoinOrderbookApp.swift; sourceTree = "<group>"; };
		CEBDFBDC2B0AFFF900D43BF9 /* ContentView.swift */ = {isa = PBXFileReference; lastKnownFileType = sourcecode.swift; path = ContentView.swift; sourceTree = "<group>"; };
		CEBDFBDE2B0AFFFA00D43BF9 /* Assets.xcassets */ = {isa = PBXFileReference; lastKnownFileType = folder.assetcatalog; path = Assets.xcassets; sourceTree = "<group>"; };
		CEBDFBE12B0AFFFA00D43BF9 /* Preview Assets.xcassets */ = {isa = PBXFileReference; lastKnownFileType = folder.assetcatalog; path = "Preview Assets.xcassets"; sourceTree = "<group>"; };
		CEBDFBE82B0B090E00D43BF9 /* Banner.swift */ = {isa = PBXFileReference; fileEncoding = 4; lastKnownFileType = sourcecode.swift; path = Banner.swift; sourceTree = "<group>"; };
		CEBDFBE92B0B090E00D43BF9 /* Money.swift */ = {isa = PBXFileReference; fileEncoding = 4; lastKnownFileType = sourcecode.swift; path = Money.swift; sourceTree = "<group>"; };
		CEBDFBEC2B0B0A7E00D43BF9 /* ContentViewAssignment.swift */ = {isa = PBXFileReference; lastKnownFileType = sourcecode.swift; path = ContentViewAssignment.swift; sourceTree = "<group>"; };
/* End PBXFileReference section */

/* Begin PBXFrameworksBuildPhase section */
		CEBDFBD42B0AFFF900D43BF9 /* Frameworks */ = {
			isa = PBXFrameworksBuildPhase;
			buildActionMask = 2147483647;
			files = (
			);
			runOnlyForDeploymentPostprocessing = 0;
		};
/* End PBXFrameworksBuildPhase section */

/* Begin PBXGroup section */
		CEBDFBCE2B0AFFF900D43BF9 = {
			isa = PBXGroup;
			children = (
				CEBDFBD92B0AFFF900D43BF9 /* SwiftUICoinOrderbook */,
				CEBDFBD82B0AFFF900D43BF9 /* Products */,
			);
			sourceTree = "<group>";
		};
		CEBDFBD82B0AFFF900D43BF9 /* Products */ = {
			isa = PBXGroup;
			children = (
				CEBDFBD72B0AFFF900D43BF9 /* SwiftUICoinOrderbook.app */,
			);
			name = Products;
			sourceTree = "<group>";
		};
		CEBDFBD92B0AFFF900D43BF9 /* SwiftUICoinOrderbook */ = {
			isa = PBXGroup;
			children = (
				CEBDFBEC2B0B0A7E00D43BF9 /* ContentViewAssignment.swift */,
				CEBDFBE82B0B090E00D43BF9 /* Banner.swift */,
				CEBDFBE92B0B090E00D43BF9 /* Money.swift */,
				CEBDFBDA2B0AFFF900D43BF9 /* SwiftUICoinOrderbookApp.swift */,
				CEBDFBDC2B0AFFF900D43BF9 /* ContentView.swift */,
				CEBDFBDE2B0AFFFA00D43BF9 /* Assets.xcassets */,
				CEBDFBE02B0AFFFA00D43BF9 /* Preview Content */,
			);
			path = SwiftUICoinOrderbook;
			sourceTree = "<group>";
		};
		CEBDFBE02B0AFFFA00D43BF9 /* Preview Content */ = {
			isa = PBXGroup;
			children = (
				CEBDFBE12B0AFFFA00D43BF9 /* Preview Assets.xcassets */,
			);
			path = "Preview Content";
			sourceTree = "<group>";
		};
/* End PBXGroup section */

/* Begin PBXNativeTarget section */
		CEBDFBD62B0AFFF900D43BF9 /* SwiftUICoinOrderbook */ = {
			isa = PBXNativeTarget;
			buildConfigurationList = CEBDFBE52B0AFFFA00D43BF9 /* Build configuration list for PBXNativeTarget "SwiftUICoinOrderbook" */;
			buildPhases = (
				CEBDFBD32B0AFFF900D43BF9 /* Sources */,
				CEBDFBD42B0AFFF900D43BF9 /* Frameworks */,
				CEBDFBD52B0AFFF900D43BF9 /* Resources */,
			);
			buildRules = (
			);
			dependencies = (
			);
			name = SwiftUICoinOrderbook;
			productName = SwiftUICoinOrderbook;
			productReference = CEBDFBD72B0AFFF900D43BF9 /* SwiftUICoinOrderbook.app */;
			productType = "com.apple.product-type.application";
		};
/* End PBXNativeTarget section */

/* Begin PBXProject section */
		CEBDFBCF2B0AFFF900D43BF9 /* Project object */ = {
			isa = PBXProject;
			attributes = {
				BuildIndependentTargetsInParallel = 1;
				LastSwiftUpdateCheck = 1500;
				LastUpgradeCheck = 1500;
				TargetAttributes = {
					CEBDFBD62B0AFFF900D43BF9 = {
						CreatedOnToolsVersion = 15.0.1;
					};
				};
			};
			buildConfigurationList = CEBDFBD22B0AFFF900D43BF9 /* Build configuration list for PBXProject "SwiftUICoinOrderbook" */;
			compatibilityVersion = "Xcode 14.0";
			developmentRegion = en;
			hasScannedForEncodings = 0;
			knownRegions = (
				en,
				Base,
			);
			mainGroup = CEBDFBCE2B0AFFF900D43BF9;
			productRefGroup = CEBDFBD82B0AFFF900D43BF9 /* Products */;
			projectDirPath = "";
			projectRoot = "";
			targets = (
				CEBDFBD62B0AFFF900D43BF9 /* SwiftUICoinOrderbook */,
			);
		};
/* End PBXProject section */

/* Begin PBXResourcesBuildPhase section */
		CEBDFBD52B0AFFF900D43BF9 /* Resources */ = {
			isa = PBXResourcesBuildPhase;
			buildActionMask = 2147483647;
			files = (
				CEBDFBE22B0AFFFA00D43BF9 /* Preview Assets.xcassets in Resources */,
				CEBDFBDF2B0AFFFA00D43BF9 /* Assets.xcassets in Resources */,
			);
			runOnlyForDeploymentPostprocessing = 0;
		};
/* End PBXResourcesBuildPhase section */

/* Begin PBXSourcesBuildPhase section */
		CEBDFBD32B0AFFF900D43BF9 /* Sources */ = {
			isa = PBXSourcesBuildPhase;
			buildActionMask = 2147483647;
			files = (
				CEBDFBDD2B0AFFF900D43BF9 /* ContentView.swift in Sources */,
				CEBDFBDB2B0AFFF900D43BF9 /* SwiftUICoinOrderbookApp.swift in Sources */,
				CEBDFBEB2B0B090E00D43BF9 /* Money.swift in Sources */,
				CEBDFBED2B0B0A7E00D43BF9 /* ContentViewAssignment.swift in Sources */,
				CEBDFBEA2B0B090E00D43BF9 /* Banner.swift in Sources */,
			);
			runOnlyForDeploymentPostprocessing = 0;
		};
/* End PBXSourcesBuildPhase section */

/* Begin XCBuildConfiguration section */
		CEBDFBE32B0AFFFA00D43BF9 /* Debug */ = {
			isa = XCBuildConfiguration;
			buildSettings = {
				ALWAYS_SEARCH_USER_PATHS = NO;
				ASSETCATALOG_COMPILER_GENERATE_SWIFT_ASSET_SYMBOL_EXTENSIONS = YES;
				CLANG_ANALYZER_NONNULL = YES;
				CLANG_ANALYZER_NUMBER_OBJECT_CONVERSION = YES_AGGRESSIVE;
				CLANG_CXX_LANGUAGE_STANDARD = "gnu++20";
				CLANG_ENABLE_MODULES = YES;
				CLANG_ENABLE_OBJC_ARC = YES;
				CLANG_ENABLE_OBJC_WEAK = YES;
				CLANG_WARN_BLOCK_CAPTURE_AUTORELEASING = YES;
				CLANG_WARN_BOOL_CONVERSION = YES;
				CLANG_WARN_COMMA = YES;
				CLANG_WARN_CONSTANT_CONVERSION = YES;
				CLANG_WARN_DEPRECATED_OBJC_IMPLEMENTATIONS = YES;
				CLANG_WARN_DIRECT_OBJC_ISA_USAGE = YES_ERROR;
				CLANG_WARN_DOCUMENTATION_COMMENTS = YES;
				CLANG_WARN_EMPTY_BODY = YES;
				CLANG_WARN_ENUM_CONVERSION = YES;
				CLANG_WARN_INFINITE_RECURSION = YES;
				CLANG_WARN_INT_CONVERSION = YES;
				CLANG_WARN_NON_LITERAL_NULL_CONVERSION = YES;
				CLANG_WARN_OBJC_IMPLICIT_RETAIN_SELF = YES;
				CLANG_WARN_OBJC_LITERAL_CONVERSION = YES;
				CLANG_WARN_OBJC_ROOT_CLASS = YES_ERROR;
				CLANG_WARN_QUOTED_INCLUDE_IN_FRAMEWORK_HEADER = YES;
				CLANG_WARN_RANGE_LOOP_ANALYSIS = YES;
				CLANG_WARN_STRICT_PROTOTYPES = YES;
				CLANG_WARN_SUSPICIOUS_MOVE = YES;
				CLANG_WARN_UNGUARDED_AVAILABILITY = YES_AGGRESSIVE;
				CLANG_WARN_UNREACHABLE_CODE = YES;
				CLANG_WARN__DUPLICATE_METHOD_MATCH = YES;
				COPY_PHASE_STRIP = NO;
				DEBUG_INFORMATION_FORMAT = dwarf;
				ENABLE_STRICT_OBJC_MSGSEND = YES;
				ENABLE_TESTABILITY = YES;
				ENABLE_USER_SCRIPT_SANDBOXING = YES;
				GCC_C_LANGUAGE_STANDARD = gnu17;
				GCC_DYNAMIC_NO_PIC = NO;
				GCC_NO_COMMON_BLOCKS = YES;
				GCC_OPTIMIZATION_LEVEL = 0;
				GCC_PREPROCESSOR_DEFINITIONS = (
					"DEBUG=1",
					"$(inherited)",
				);
				GCC_WARN_64_TO_32_BIT_CONVERSION = YES;
				GCC_WARN_ABOUT_RETURN_TYPE = YES_ERROR;
				GCC_WARN_UNDECLARED_SELECTOR = YES;
				GCC_WARN_UNINITIALIZED_AUTOS = YES_AGGRESSIVE;
				GCC_WARN_UNUSED_FUNCTION = YES;
				GCC_WARN_UNUSED_VARIABLE = YES;
				IPHONEOS_DEPLOYMENT_TARGET = 17.0;
				LOCALIZATION_PREFERS_STRING_CATALOGS = YES;
				MTL_ENABLE_DEBUG_INFO = INCLUDE_SOURCE;
				MTL_FAST_MATH = YES;
				ONLY_ACTIVE_ARCH = YES;
				SDKROOT = iphoneos;
				SWIFT_ACTIVE_COMPILATION_CONDITIONS = "DEBUG $(inherited)";
				SWIFT_OPTIMIZATION_LEVEL = "-Onone";
			};
			name = Debug;
		};
		CEBDFBE42B0AFFFA00D43BF9 /* Release */ = {
			isa = XCBuildConfiguration;
			buildSettings = {
				ALWAYS_SEARCH_USER_PATHS = NO;
				ASSETCATALOG_COMPILER_GENERATE_SWIFT_ASSET_SYMBOL_EXTENSIONS = YES;
				CLANG_ANALYZER_NONNULL = YES;
				CLANG_ANALYZER_NUMBER_OBJECT_CONVERSION = YES_AGGRESSIVE;
				CLANG_CXX_LANGUAGE_STANDARD = "gnu++20";
				CLANG_ENABLE_MODULES = YES;
				CLANG_ENABLE_OBJC_ARC = YES;
				CLANG_ENABLE_OBJC_WEAK = YES;
				CLANG_WARN_BLOCK_CAPTURE_AUTORELEASING = YES;
				CLANG_WARN_BOOL_CONVERSION = YES;
				CLANG_WARN_COMMA = YES;
				CLANG_WARN_CONSTANT_CONVERSION = YES;
				CLANG_WARN_DEPRECATED_OBJC_IMPLEMENTATIONS = YES;
				CLANG_WARN_DIRECT_OBJC_ISA_USAGE = YES_ERROR;
				CLANG_WARN_DOCUMENTATION_COMMENTS = YES;
				CLANG_WARN_EMPTY_BODY = YES;
				CLANG_WARN_ENUM_CONVERSION = YES;
				CLANG_WARN_INFINITE_RECURSION = YES;
				CLANG_WARN_INT_CONVERSION = YES;
				CLANG_WARN_NON_LITERAL_NULL_CONVERSION = YES;
				CLANG_WARN_OBJC_IMPLICIT_RETAIN_SELF = YES;
				CLANG_WARN_OBJC_LITERAL_CONVERSION = YES;
				CLANG_WARN_OBJC_ROOT_CLASS = YES_ERROR;
				CLANG_WARN_QUOTED_INCLUDE_IN_FRAMEWORK_HEADER = YES;
				CLANG_WARN_RANGE_LOOP_ANALYSIS = YES;
				CLANG_WARN_STRICT_PROTOTYPES = YES;
				CLANG_WARN_SUSPICIOUS_MOVE = YES;
				CLANG_WARN_UNGUARDED_AVAILABILITY = YES_AGGRESSIVE;
				CLANG_WARN_UNREACHABLE_CODE = YES;
				CLANG_WARN__DUPLICATE_METHOD_MATCH = YES;
				COPY_PHASE_STRIP = NO;
				DEBUG_INFORMATION_FORMAT = "dwarf-with-dsym";
				ENABLE_NS_ASSERTIONS = NO;
				ENABLE_STRICT_OBJC_MSGSEND = YES;
				ENABLE_USER_SCRIPT_SANDBOXING = YES;
				GCC_C_LANGUAGE_STANDARD = gnu17;
				GCC_NO_COMMON_BLOCKS = YES;
				GCC_WARN_64_TO_32_BIT_CONVERSION = YES;
				GCC_WARN_ABOUT_RETURN_TYPE = YES_ERROR;
				GCC_WARN_UNDECLARED_SELECTOR = YES;
				GCC_WARN_UNINITIALIZED_AUTOS = YES_AGGRESSIVE;
				GCC_WARN_UNUSED_FUNCTION = YES;
				GCC_WARN_UNUSED_VARIABLE = YES;
				IPHONEOS_DEPLOYMENT_TARGET = 17.0;
				LOCALIZATION_PREFERS_STRING_CATALOGS = YES;
				MTL_ENABLE_DEBUG_INFO = NO;
				MTL_FAST_MATH = YES;
				SDKROOT = iphoneos;
				SWIFT_COMPILATION_MODE = wholemodule;
				VALIDATE_PRODUCT = YES;
			};
			name = Release;
		};
		CEBDFBE62B0AFFFA00D43BF9 /* Debug */ = {
			isa = XCBuildConfiguration;
			buildSettings = {
				ASSETCATALOG_COMPILER_APPICON_NAME = AppIcon;
				ASSETCATALOG_COMPILER_GLOBAL_ACCENT_COLOR_NAME = AccentColor;
				CODE_SIGN_STYLE = Automatic;
				CURRENT_PROJECT_VERSION = 1;
				DEVELOPMENT_ASSET_PATHS = "\"SwiftUICoinOrderbook/Preview Content\"";
				DEVELOPMENT_TEAM = DJP8DYB9HG;
				ENABLE_PREVIEWS = YES;
				GENERATE_INFOPLIST_FILE = YES;
				INFOPLIST_KEY_UIApplicationSceneManifest_Generation = YES;
				INFOPLIST_KEY_UIApplicationSupportsIndirectInputEvents = YES;
				INFOPLIST_KEY_UILaunchScreen_Generation = YES;
				INFOPLIST_KEY_UISupportedInterfaceOrientations_iPad = "UIInterfaceOrientationPortrait UIInterfaceOrientationPortraitUpsideDown UIInterfaceOrientationLandscapeLeft UIInterfaceOrientationLandscapeRight";
				INFOPLIST_KEY_UISupportedInterfaceOrientations_iPhone = "UIInterfaceOrientationPortrait UIInterfaceOrientationLandscapeLeft UIInterfaceOrientationLandscapeRight";
				LD_RUNPATH_SEARCH_PATHS = (
					"$(inherited)",
					"@executable_path/Frameworks",
				);
				MARKETING_VERSION = 1.0;
				PRODUCT_BUNDLE_IDENTIFIER = com.jiyeon.SwiftUICoinOrderbook;
				PRODUCT_NAME = "$(TARGET_NAME)";
				SWIFT_EMIT_LOC_STRINGS = YES;
				SWIFT_VERSION = 5.0;
				TARGETED_DEVICE_FAMILY = "1,2";
			};
			name = Debug;
		};
		CEBDFBE72B0AFFFA00D43BF9 /* Release */ = {
			isa = XCBuildConfiguration;
			buildSettings = {
				ASSETCATALOG_COMPILER_APPICON_NAME = AppIcon;
				ASSETCATALOG_COMPILER_GLOBAL_ACCENT_COLOR_NAME = AccentColor;
				CODE_SIGN_STYLE = Automatic;
				CURRENT_PROJECT_VERSION = 1;
				DEVELOPMENT_ASSET_PATHS = "\"SwiftUICoinOrderbook/Preview Content\"";
				DEVELOPMENT_TEAM = DJP8DYB9HG;
				ENABLE_PREVIEWS = YES;
				GENERATE_INFOPLIST_FILE = YES;
				INFOPLIST_KEY_UIApplicationSceneManifest_Generation = YES;
				INFOPLIST_KEY_UIApplicationSupportsIndirectInputEvents = YES;
				INFOPLIST_KEY_UILaunchScreen_Generation = YES;
				INFOPLIST_KEY_UISupportedInterfaceOrientations_iPad = "UIInterfaceOrientationPortrait UIInterfaceOrientationPortraitUpsideDown UIInterfaceOrientationLandscapeLeft UIInterfaceOrientationLandscapeRight";
				INFOPLIST_KEY_UISupportedInterfaceOrientations_iPhone = "UIInterfaceOrientationPortrait UIInterfaceOrientationLandscapeLeft UIInterfaceOrientationLandscapeRight";
				LD_RUNPATH_SEARCH_PATHS = (
					"$(inherited)",
					"@executable_path/Frameworks",
				);
				MARKETING_VERSION = 1.0;
				PRODUCT_BUNDLE_IDENTIFIER = com.jiyeon.SwiftUICoinOrderbook;
				PRODUCT_NAME = "$(TARGET_NAME)";
				SWIFT_EMIT_LOC_STRINGS = YES;
				SWIFT_VERSION = 5.0;
				TARGETED_DEVICE_FAMILY = "1,2";
			};
			name = Release;
		};
/* End XCBuildConfiguration section */

/* Begin XCConfigurationList section */
		CEBDFBD22B0AFFF900D43BF9 /* Build configuration list for PBXProject "SwiftUICoinOrderbook" */ = {
			isa = XCConfigurationList;
			buildConfigurations = (
				CEBDFBE32B0AFFFA00D43BF9 /* Debug */,
				CEBDFBE42B0AFFFA00D43BF9 /* Release */,
			);
			defaultConfigurationIsVisible = 0;
			defaultConfigurationName = Release;
		};
		CEBDFBE52B0AFFFA00D43BF9 /* Build configuration list for PBXNativeTarget "SwiftUICoinOrderbook" */ = {
			isa = XCConfigurationList;
			buildConfigurations = (
				CEBDFBE62B0AFFFA00D43BF9 /* Debug */,
				CEBDFBE72B0AFFFA00D43BF9 /* Release */,
			);
			defaultConfigurationIsVisible = 0;
			defaultConfigurationName = Release;
		};
/* End XCConfigurationList section */
	};
	rootObject = CEBDFBCF2B0AFFF900D43BF9 /* Project object */;
}
