// !$*UTF8*$!
{
	archiveVersion = 1;
	classes = {
	};
	objectVersion = 56;
	objects = {

/* Begin PBXBuildFile section */
		CE75C3DA2B157F4000A08615 /* OrderBookModel.swift in Sources */ = {isa = PBXBuildFile; fileRef = CE75C3D92B157F4000A08615 /* OrderBookModel.swift */; };
		CE76DFFD2B16D22100A38041 /* WidgetKit.framework in Frameworks */ = {isa = PBXBuildFile; fileRef = CE76DFFC2B16D22100A38041 /* WidgetKit.framework */; };
		CE76DFFF2B16D22100A38041 /* SwiftUI.framework in Frameworks */ = {isa = PBXBuildFile; fileRef = CE76DFFE2B16D22100A38041 /* SwiftUI.framework */; };
		CE76E0022B16D22100A38041 /* OrderBookBundle.swift in Sources */ = {isa = PBXBuildFile; fileRef = CE76E0012B16D22100A38041 /* OrderBookBundle.swift */; };
		CE76E0042B16D22100A38041 /* OrderBook.swift in Sources */ = {isa = PBXBuildFile; fileRef = CE76E0032B16D22100A38041 /* OrderBook.swift */; };
		CE76E0062B16D22200A38041 /* Assets.xcassets in Resources */ = {isa = PBXBuildFile; fileRef = CE76E0052B16D22200A38041 /* Assets.xcassets */; };
		CE76E00A2B16D22200A38041 /* OrderBookExtension.appex in Embed Foundation Extensions */ = {isa = PBXBuildFile; fileRef = CE76DFFA2B16D22100A38041 /* OrderBookExtension.appex */; settings = {ATTRIBUTES = (RemoveHeadersOnCopy, ); }; };
		CEA902F62B141D8F00F09FB8 /* SeSACView.swift in Sources */ = {isa = PBXBuildFile; fileRef = CEA902F52B141D8F00F09FB8 /* SeSACView.swift */; };
		CEA902F82B141E6300F09FB8 /* MyWebView.swift in Sources */ = {isa = PBXBuildFile; fileRef = CEA902F72B141E6300F09FB8 /* MyWebView.swift */; };
		CEA902FA2B14219B00F09FB8 /* MyTextField.swift in Sources */ = {isa = PBXBuildFile; fileRef = CEA902F92B14219B00F09FB8 /* MyTextField.swift */; };
		CEA902FD2B14328D00F09FB8 /* HorizontalView.swift in Sources */ = {isa = PBXBuildFile; fileRef = CEA902FC2B14328D00F09FB8 /* HorizontalView.swift */; };
		CEA902FF2B14357100F09FB8 /* HorizontalData.swift in Sources */ = {isa = PBXBuildFile; fileRef = CEA902FE2B14357100F09FB8 /* HorizontalData.swift */; };
		CEA903012B143C6400F09FB8 /* HorizontalViewModel.swift in Sources */ = {isa = PBXBuildFile; fileRef = CEA903002B143C6400F09FB8 /* HorizontalViewModel.swift */; };
		CEBDFBDB2B0AFFF900D43BF9 /* SwiftUICoinOrderbookApp.swift in Sources */ = {isa = PBXBuildFile; fileRef = CEBDFBDA2B0AFFF900D43BF9 /* SwiftUICoinOrderbookApp.swift */; };
		CEBDFBDD2B0AFFF900D43BF9 /* ContentView.swift in Sources */ = {isa = PBXBuildFile; fileRef = CEBDFBDC2B0AFFF900D43BF9 /* ContentView.swift */; };
		CEBDFBDF2B0AFFFA00D43BF9 /* Assets.xcassets in Resources */ = {isa = PBXBuildFile; fileRef = CEBDFBDE2B0AFFFA00D43BF9 /* Assets.xcassets */; };
		CEBDFBE22B0AFFFA00D43BF9 /* Preview Assets.xcassets in Resources */ = {isa = PBXBuildFile; fileRef = CEBDFBE12B0AFFFA00D43BF9 /* Preview Assets.xcassets */; };
		CEBDFBEA2B0B090E00D43BF9 /* Banner.swift in Sources */ = {isa = PBXBuildFile; fileRef = CEBDFBE82B0B090E00D43BF9 /* Banner.swift */; };
		CEBDFBEB2B0B090E00D43BF9 /* Money.swift in Sources */ = {isa = PBXBuildFile; fileRef = CEBDFBE92B0B090E00D43BF9 /* Money.swift */; };
		CEBDFBED2B0B0A7E00D43BF9 /* ContentViewAssignment.swift in Sources */ = {isa = PBXBuildFile; fileRef = CEBDFBEC2B0B0A7E00D43BF9 /* ContentViewAssignment.swift */; };
		CEE80A932B1819380041AC36 /* Provider.swift in Sources */ = {isa = PBXBuildFile; fileRef = CEE80A912B1819380041AC36 /* Provider.swift */; };
		CEE80A962B181A420041AC36 /* SimpleEntry.swift in Sources */ = {isa = PBXBuildFile; fileRef = CEE80A952B181A420041AC36 /* SimpleEntry.swift */; };
		CEE80A992B181A8F0041AC36 /* EntryView.swift in Sources */ = {isa = PBXBuildFile; fileRef = CEE80A982B181A8F0041AC36 /* EntryView.swift */; };
		CEE80A9E2B18204E0041AC36 /* UserDefaultsGroup.swift in Sources */ = {isa = PBXBuildFile; fileRef = CEE80A9D2B18204E0041AC36 /* UserDefaultsGroup.swift */; };
		CEE80A9F2B1820660041AC36 /* UserDefaultsGroup.swift in Sources */ = {isa = PBXBuildFile; fileRef = CEE80A9D2B18204E0041AC36 /* UserDefaultsGroup.swift */; };
		CEE80ABA2B18304C0041AC36 /* WidgetKit.framework in Frameworks */ = {isa = PBXBuildFile; fileRef = CE76DFFC2B16D22100A38041 /* WidgetKit.framework */; };
		CEE80ABB2B18304C0041AC36 /* SwiftUI.framework in Frameworks */ = {isa = PBXBuildFile; fileRef = CE76DFFE2B16D22100A38041 /* SwiftUI.framework */; };
		CEE80ABE2B18304C0041AC36 /* MyWidgetBundle.swift in Sources */ = {isa = PBXBuildFile; fileRef = CEE80ABD2B18304C0041AC36 /* MyWidgetBundle.swift */; };
		CEE80AC02B18304C0041AC36 /* MyWidget.swift in Sources */ = {isa = PBXBuildFile; fileRef = CEE80ABF2B18304C0041AC36 /* MyWidget.swift */; };
		CEE80AC22B18304D0041AC36 /* Assets.xcassets in Resources */ = {isa = PBXBuildFile; fileRef = CEE80AC12B18304D0041AC36 /* Assets.xcassets */; };
		CEE80AC62B18304D0041AC36 /* MyWidgetExtension.appex in Embed Foundation Extensions */ = {isa = PBXBuildFile; fileRef = CEE80AB92B18304C0041AC36 /* MyWidgetExtension.appex */; settings = {ATTRIBUTES = (RemoveHeadersOnCopy, ); }; };
		CEE80AD62B187D080041AC36 /* WidgetTapView.swift in Sources */ = {isa = PBXBuildFile; fileRef = CEE80AD52B187D080041AC36 /* WidgetTapView.swift */; };
		CEE80AD72B187D4C0041AC36 /* WidgetTapView.swift in Sources */ = {isa = PBXBuildFile; fileRef = CEE80AD52B187D080041AC36 /* WidgetTapView.swift */; };
		CEF386B62B0C4A220011E002 /* OverlayView.swift in Sources */ = {isa = PBXBuildFile; fileRef = CEF386B52B0C4A220011E002 /* OverlayView.swift */; };
		CEF386B92B0C4E750011E002 /* UpbitAPI.swift in Sources */ = {isa = PBXBuildFile; fileRef = CEF386B82B0C4E750011E002 /* UpbitAPI.swift */; };
		CEF386BB2B0C59660011E002 /* ContentViewModel.swift in Sources */ = {isa = PBXBuildFile; fileRef = CEF386BA2B0C59660011E002 /* ContentViewModel.swift */; };
		CEF386BD2B0C73370011E002 /* ListView.swift in Sources */ = {isa = PBXBuildFile; fileRef = CEF386BC2B0C73370011E002 /* ListView.swift */; };
		CEF386BF2B0C73520011E002 /* ListViewModel.swift in Sources */ = {isa = PBXBuildFile; fileRef = CEF386BE2B0C73520011E002 /* ListViewModel.swift */; };
		CEF386C12B0C80980011E002 /* BannerTestView.swift in Sources */ = {isa = PBXBuildFile; fileRef = CEF386C02B0C80980011E002 /* BannerTestView.swift */; };
		CEFD67162B0D85E900EF5E69 /* WalletView.swift in Sources */ = {isa = PBXBuildFile; fileRef = CEFD67152B0D85E900EF5E69 /* WalletView.swift */; };
		CEFD67182B0D992300EF5E69 /* WalletDetailView.swift in Sources */ = {isa = PBXBuildFile; fileRef = CEFD67172B0D992300EF5E69 /* WalletDetailView.swift */; };
		CEFD671A2B0DA52A00EF5E69 /* WalletModel.swift in Sources */ = {isa = PBXBuildFile; fileRef = CEFD67192B0DA52A00EF5E69 /* WalletModel.swift */; };
/* End PBXBuildFile section */

/* Begin PBXContainerItemProxy section */
		CE76E0082B16D22200A38041 /* PBXContainerItemProxy */ = {
			isa = PBXContainerItemProxy;
			containerPortal = CEBDFBCF2B0AFFF900D43BF9 /* Project object */;
			proxyType = 1;
			remoteGlobalIDString = CE76DFF92B16D22000A38041;
			remoteInfo = OrderBookExtension;
		};
		CEE80AC42B18304D0041AC36 /* PBXContainerItemProxy */ = {
			isa = PBXContainerItemProxy;
			containerPortal = CEBDFBCF2B0AFFF900D43BF9 /* Project object */;
			proxyType = 1;
			remoteGlobalIDString = CEE80AB82B18304C0041AC36;
			remoteInfo = MyWidgetExtension;
		};
/* End PBXContainerItemProxy section */

/* Begin PBXCopyFilesBuildPhase section */
		CE76E00B2B16D22200A38041 /* Embed Foundation Extensions */ = {
			isa = PBXCopyFilesBuildPhase;
			buildActionMask = 2147483647;
			dstPath = "";
			dstSubfolderSpec = 13;
			files = (
				CEE80AC62B18304D0041AC36 /* MyWidgetExtension.appex in Embed Foundation Extensions */,
				CE76E00A2B16D22200A38041 /* OrderBookExtension.appex in Embed Foundation Extensions */,
			);
			name = "Embed Foundation Extensions";
			runOnlyForDeploymentPostprocessing = 0;
		};
/* End PBXCopyFilesBuildPhase section */

/* Begin PBXFileReference section */
		CE75C3D92B157F4000A08615 /* OrderBookModel.swift */ = {isa = PBXFileReference; lastKnownFileType = sourcecode.swift; path = OrderBookModel.swift; sourceTree = "<group>"; };
		CE76DFFA2B16D22100A38041 /* OrderBookExtension.appex */ = {isa = PBXFileReference; explicitFileType = "wrapper.app-extension"; includeInIndex = 0; path = OrderBookExtension.appex; sourceTree = BUILT_PRODUCTS_DIR; };
		CE76DFFC2B16D22100A38041 /* WidgetKit.framework */ = {isa = PBXFileReference; lastKnownFileType = wrapper.framework; name = WidgetKit.framework; path = System/Library/Frameworks/WidgetKit.framework; sourceTree = SDKROOT; };
		CE76DFFE2B16D22100A38041 /* SwiftUI.framework */ = {isa = PBXFileReference; lastKnownFileType = wrapper.framework; name = SwiftUI.framework; path = System/Library/Frameworks/SwiftUI.framework; sourceTree = SDKROOT; };
		CE76E0012B16D22100A38041 /* OrderBookBundle.swift */ = {isa = PBXFileReference; lastKnownFileType = sourcecode.swift; path = OrderBookBundle.swift; sourceTree = "<group>"; };
		CE76E0032B16D22100A38041 /* OrderBook.swift */ = {isa = PBXFileReference; lastKnownFileType = sourcecode.swift; path = OrderBook.swift; sourceTree = "<group>"; };
		CE76E0052B16D22200A38041 /* Assets.xcassets */ = {isa = PBXFileReference; lastKnownFileType = folder.assetcatalog; path = Assets.xcassets; sourceTree = "<group>"; };
		CE76E0072B16D22200A38041 /* Info.plist */ = {isa = PBXFileReference; lastKnownFileType = text.plist.xml; path = Info.plist; sourceTree = "<group>"; };
		CEA902F52B141D8F00F09FB8 /* SeSACView.swift */ = {isa = PBXFileReference; lastKnownFileType = sourcecode.swift; path = SeSACView.swift; sourceTree = "<group>"; };
		CEA902F72B141E6300F09FB8 /* MyWebView.swift */ = {isa = PBXFileReference; lastKnownFileType = sourcecode.swift; path = MyWebView.swift; sourceTree = "<group>"; };
		CEA902F92B14219B00F09FB8 /* MyTextField.swift */ = {isa = PBXFileReference; lastKnownFileType = sourcecode.swift; path = MyTextField.swift; sourceTree = "<group>"; };
		CEA902FC2B14328D00F09FB8 /* HorizontalView.swift */ = {isa = PBXFileReference; lastKnownFileType = sourcecode.swift; path = HorizontalView.swift; sourceTree = "<group>"; };
		CEA902FE2B14357100F09FB8 /* HorizontalData.swift */ = {isa = PBXFileReference; lastKnownFileType = sourcecode.swift; path = HorizontalData.swift; sourceTree = "<group>"; };
		CEA903002B143C6400F09FB8 /* HorizontalViewModel.swift */ = {isa = PBXFileReference; lastKnownFileType = sourcecode.swift; path = HorizontalViewModel.swift; sourceTree = "<group>"; };
		CEBDFBD72B0AFFF900D43BF9 /* SwiftUICoinOrderbook.app */ = {isa = PBXFileReference; explicitFileType = wrapper.application; includeInIndex = 0; path = SwiftUICoinOrderbook.app; sourceTree = BUILT_PRODUCTS_DIR; };
		CEBDFBDA2B0AFFF900D43BF9 /* SwiftUICoinOrderbookApp.swift */ = {isa = PBXFileReference; lastKnownFileType = sourcecode.swift; path = SwiftUICoinOrderbookApp.swift; sourceTree = "<group>"; };
		CEBDFBDC2B0AFFF900D43BF9 /* ContentView.swift */ = {isa = PBXFileReference; lastKnownFileType = sourcecode.swift; path = ContentView.swift; sourceTree = "<group>"; };
		CEBDFBDE2B0AFFFA00D43BF9 /* Assets.xcassets */ = {isa = PBXFileReference; lastKnownFileType = folder.assetcatalog; path = Assets.xcassets; sourceTree = "<group>"; };
		CEBDFBE12B0AFFFA00D43BF9 /* Preview Assets.xcassets */ = {isa = PBXFileReference; lastKnownFileType = folder.assetcatalog; path = "Preview Assets.xcassets"; sourceTree = "<group>"; };
		CEBDFBE82B0B090E00D43BF9 /* Banner.swift */ = {isa = PBXFileReference; fileEncoding = 4; lastKnownFileType = sourcecode.swift; path = Banner.swift; sourceTree = "<group>"; };
		CEBDFBE92B0B090E00D43BF9 /* Money.swift */ = {isa = PBXFileReference; fileEncoding = 4; lastKnownFileType = sourcecode.swift; path = Money.swift; sourceTree = "<group>"; };
		CEBDFBEC2B0B0A7E00D43BF9 /* ContentViewAssignment.swift */ = {isa = PBXFileReference; lastKnownFileType = sourcecode.swift; path = ContentViewAssignment.swift; sourceTree = "<group>"; };
		CEE80A912B1819380041AC36 /* Provider.swift */ = {isa = PBXFileReference; lastKnownFileType = sourcecode.swift; path = Provider.swift; sourceTree = "<group>"; };
		CEE80A952B181A420041AC36 /* SimpleEntry.swift */ = {isa = PBXFileReference; lastKnownFileType = sourcecode.swift; path = SimpleEntry.swift; sourceTree = "<group>"; };
		CEE80A982B181A8F0041AC36 /* EntryView.swift */ = {isa = PBXFileReference; lastKnownFileType = sourcecode.swift; path = EntryView.swift; sourceTree = "<group>"; };
		CEE80A9B2B181ECE0041AC36 /* OrderBookExtension.entitlements */ = {isa = PBXFileReference; lastKnownFileType = text.plist.entitlements; path = OrderBookExtension.entitlements; sourceTree = "<group>"; };
		CEE80A9C2B181FC40041AC36 /* SwiftUICoinOrderbook.entitlements */ = {isa = PBXFileReference; lastKnownFileType = text.plist.entitlements; path = SwiftUICoinOrderbook.entitlements; sourceTree = "<group>"; };
		CEE80A9D2B18204E0041AC36 /* UserDefaultsGroup.swift */ = {isa = PBXFileReference; lastKnownFileType = sourcecode.swift; path = UserDefaultsGroup.swift; sourceTree = "<group>"; };
		CEE80AB92B18304C0041AC36 /* MyWidgetExtension.appex */ = {isa = PBXFileReference; explicitFileType = "wrapper.app-extension"; includeInIndex = 0; path = MyWidgetExtension.appex; sourceTree = BUILT_PRODUCTS_DIR; };
		CEE80ABD2B18304C0041AC36 /* MyWidgetBundle.swift */ = {isa = PBXFileReference; lastKnownFileType = sourcecode.swift; path = MyWidgetBundle.swift; sourceTree = "<group>"; };
		CEE80ABF2B18304C0041AC36 /* MyWidget.swift */ = {isa = PBXFileReference; lastKnownFileType = sourcecode.swift; path = MyWidget.swift; sourceTree = "<group>"; };
		CEE80AC12B18304D0041AC36 /* Assets.xcassets */ = {isa = PBXFileReference; lastKnownFileType = folder.assetcatalog; path = Assets.xcassets; sourceTree = "<group>"; };
		CEE80AC32B18304D0041AC36 /* Info.plist */ = {isa = PBXFileReference; lastKnownFileType = text.plist.xml; path = Info.plist; sourceTree = "<group>"; };
		CEE80AD52B187D080041AC36 /* WidgetTapView.swift */ = {isa = PBXFileReference; lastKnownFileType = sourcecode.swift; path = WidgetTapView.swift; sourceTree = "<group>"; };
		CEF386B52B0C4A220011E002 /* OverlayView.swift */ = {isa = PBXFileReference; lastKnownFileType = sourcecode.swift; path = OverlayView.swift; sourceTree = "<group>"; };
		CEF386B82B0C4E750011E002 /* UpbitAPI.swift */ = {isa = PBXFileReference; lastKnownFileType = sourcecode.swift; path = UpbitAPI.swift; sourceTree = "<group>"; };
		CEF386BA2B0C59660011E002 /* ContentViewModel.swift */ = {isa = PBXFileReference; lastKnownFileType = sourcecode.swift; path = ContentViewModel.swift; sourceTree = "<group>"; };
		CEF386BC2B0C73370011E002 /* ListView.swift */ = {isa = PBXFileReference; lastKnownFileType = sourcecode.swift; path = ListView.swift; sourceTree = "<group>"; };
		CEF386BE2B0C73520011E002 /* ListViewModel.swift */ = {isa = PBXFileReference; lastKnownFileType = sourcecode.swift; path = ListViewModel.swift; sourceTree = "<group>"; };
		CEF386C02B0C80980011E002 /* BannerTestView.swift */ = {isa = PBXFileReference; lastKnownFileType = sourcecode.swift; path = BannerTestView.swift; sourceTree = "<group>"; };
		CEFD67152B0D85E900EF5E69 /* WalletView.swift */ = {isa = PBXFileReference; lastKnownFileType = sourcecode.swift; path = WalletView.swift; sourceTree = "<group>"; };
		CEFD67172B0D992300EF5E69 /* WalletDetailView.swift */ = {isa = PBXFileReference; lastKnownFileType = sourcecode.swift; path = WalletDetailView.swift; sourceTree = "<group>"; };
		CEFD67192B0DA52A00EF5E69 /* WalletModel.swift */ = {isa = PBXFileReference; lastKnownFileType = sourcecode.swift; path = WalletModel.swift; sourceTree = "<group>"; };
/* End PBXFileReference section */

/* Begin PBXFrameworksBuildPhase section */
		CE76DFF72B16D22000A38041 /* Frameworks */ = {
			isa = PBXFrameworksBuildPhase;
			buildActionMask = 2147483647;
			files = (
				CE76DFFF2B16D22100A38041 /* SwiftUI.framework in Frameworks */,
				CE76DFFD2B16D22100A38041 /* WidgetKit.framework in Frameworks */,
			);
			runOnlyForDeploymentPostprocessing = 0;
		};
		CEBDFBD42B0AFFF900D43BF9 /* Frameworks */ = {
			isa = PBXFrameworksBuildPhase;
			buildActionMask = 2147483647;
			files = (
			);
			runOnlyForDeploymentPostprocessing = 0;
		};
		CEE80AB62B18304C0041AC36 /* Frameworks */ = {
			isa = PBXFrameworksBuildPhase;
			buildActionMask = 2147483647;
			files = (
				CEE80ABB2B18304C0041AC36 /* SwiftUI.framework in Frameworks */,
				CEE80ABA2B18304C0041AC36 /* WidgetKit.framework in Frameworks */,
			);
			runOnlyForDeploymentPostprocessing = 0;
		};
/* End PBXFrameworksBuildPhase section */

/* Begin PBXGroup section */
		CE76DFFB2B16D22100A38041 /* Frameworks */ = {
			isa = PBXGroup;
			children = (
				CE76DFFC2B16D22100A38041 /* WidgetKit.framework */,
				CE76DFFE2B16D22100A38041 /* SwiftUI.framework */,
			);
			name = Frameworks;
			sourceTree = "<group>";
		};
		CE76E0002B16D22100A38041 /* OrderBook */ = {
			isa = PBXGroup;
			children = (
				CEE80A942B181A220041AC36 /* Entry */,
				CEE80A902B1819190041AC36 /* Provider */,
				CE76E0012B16D22100A38041 /* OrderBookBundle.swift */,
				CE76E0032B16D22100A38041 /* OrderBook.swift */,
				CE76E0052B16D22200A38041 /* Assets.xcassets */,
				CE76E0072B16D22200A38041 /* Info.plist */,
			);
			path = OrderBook;
			sourceTree = "<group>";
		};
		CEA902F42B141D7200F09FB8 /* WithUIKit */ = {
			isa = PBXGroup;
			children = (
				CEA902F52B141D8F00F09FB8 /* SeSACView.swift */,
				CEA902F72B141E6300F09FB8 /* MyWebView.swift */,
				CEA902F92B14219B00F09FB8 /* MyTextField.swift */,
			);
			path = WithUIKit;
			sourceTree = "<group>";
		};
		CEA902FB2B14327800F09FB8 /* Horizontal */ = {
			isa = PBXGroup;
			children = (
				CEA902FC2B14328D00F09FB8 /* HorizontalView.swift */,
				CEA902FE2B14357100F09FB8 /* HorizontalData.swift */,
				CEA903002B143C6400F09FB8 /* HorizontalViewModel.swift */,
				CE75C3D92B157F4000A08615 /* OrderBookModel.swift */,
			);
			path = Horizontal;
			sourceTree = "<group>";
		};
		CEBDFBCE2B0AFFF900D43BF9 = {
			isa = PBXGroup;
			children = (
				CEE80A9B2B181ECE0041AC36 /* OrderBookExtension.entitlements */,
				CEBDFBD92B0AFFF900D43BF9 /* SwiftUICoinOrderbook */,
				CE76E0002B16D22100A38041 /* OrderBook */,
				CEE80ABC2B18304C0041AC36 /* MyWidget */,
				CE76DFFB2B16D22100A38041 /* Frameworks */,
				CEBDFBD82B0AFFF900D43BF9 /* Products */,
			);
			sourceTree = "<group>";
		};
		CEBDFBD82B0AFFF900D43BF9 /* Products */ = {
			isa = PBXGroup;
			children = (
				CEBDFBD72B0AFFF900D43BF9 /* SwiftUICoinOrderbook.app */,
				CE76DFFA2B16D22100A38041 /* OrderBookExtension.appex */,
				CEE80AB92B18304C0041AC36 /* MyWidgetExtension.appex */,
			);
			name = Products;
			sourceTree = "<group>";
		};
		CEBDFBD92B0AFFF900D43BF9 /* SwiftUICoinOrderbook */ = {
			isa = PBXGroup;
			children = (
				CEE80A9C2B181FC40041AC36 /* SwiftUICoinOrderbook.entitlements */,
				CEA902FB2B14327800F09FB8 /* Horizontal */,
				CEA902F42B141D7200F09FB8 /* WithUIKit */,
				CEFD67142B0D85BA00EF5E69 /* Animation */,
				CEF386B72B0C4E640011E002 /* Network */,
				CEF386B42B0C43990011E002 /* Model */,
				CEBDFBEC2B0B0A7E00D43BF9 /* ContentViewAssignment.swift */,
				CEBDFBDA2B0AFFF900D43BF9 /* SwiftUICoinOrderbookApp.swift */,
				CEBDFBDC2B0AFFF900D43BF9 /* ContentView.swift */,
				CEF386C02B0C80980011E002 /* BannerTestView.swift */,
				CEF386BC2B0C73370011E002 /* ListView.swift */,
				CEF386BE2B0C73520011E002 /* ListViewModel.swift */,
				CEF386BA2B0C59660011E002 /* ContentViewModel.swift */,
				CEF386B52B0C4A220011E002 /* OverlayView.swift */,
				CEBDFBDE2B0AFFFA00D43BF9 /* Assets.xcassets */,
				CEBDFBE02B0AFFFA00D43BF9 /* Preview Content */,
				CEE80A9D2B18204E0041AC36 /* UserDefaultsGroup.swift */,
				CEE80AD52B187D080041AC36 /* WidgetTapView.swift */,
			);
			path = SwiftUICoinOrderbook;
			sourceTree = "<group>";
		};
		CEBDFBE02B0AFFFA00D43BF9 /* Preview Content */ = {
			isa = PBXGroup;
			children = (
				CEBDFBE12B0AFFFA00D43BF9 /* Preview Assets.xcassets */,
			);
			path = "Preview Content";
			sourceTree = "<group>";
		};
		CEE80A902B1819190041AC36 /* Provider */ = {
			isa = PBXGroup;
			children = (
				CEE80A912B1819380041AC36 /* Provider.swift */,
			);
			path = Provider;
			sourceTree = "<group>";
		};
		CEE80A942B181A220041AC36 /* Entry */ = {
			isa = PBXGroup;
			children = (
				CEE80A952B181A420041AC36 /* SimpleEntry.swift */,
				CEE80A982B181A8F0041AC36 /* EntryView.swift */,
			);
			path = Entry;
			sourceTree = "<group>";
		};
		CEE80ABC2B18304C0041AC36 /* MyWidget */ = {
			isa = PBXGroup;
			children = (
				CEE80ABD2B18304C0041AC36 /* MyWidgetBundle.swift */,
				CEE80ABF2B18304C0041AC36 /* MyWidget.swift */,
				CEE80AC12B18304D0041AC36 /* Assets.xcassets */,
				CEE80AC32B18304D0041AC36 /* Info.plist */,
			);
			path = MyWidget;
			sourceTree = "<group>";
		};
		CEF386B42B0C43990011E002 /* Model */ = {
			isa = PBXGroup;
			children = (
				CEBDFBE82B0B090E00D43BF9 /* Banner.swift */,
				CEBDFBE92B0B090E00D43BF9 /* Money.swift */,
			);
			path = Model;
			sourceTree = "<group>";
		};
		CEF386B72B0C4E640011E002 /* Network */ = {
			isa = PBXGroup;
			children = (
				CEF386B82B0C4E750011E002 /* UpbitAPI.swift */,
			);
			path = Network;
			sourceTree = "<group>";
		};
		CEFD67142B0D85BA00EF5E69 /* Animation */ = {
			isa = PBXGroup;
			children = (
				CEFD67152B0D85E900EF5E69 /* WalletView.swift */,
				CEFD67192B0DA52A00EF5E69 /* WalletModel.swift */,
				CEFD67172B0D992300EF5E69 /* WalletDetailView.swift */,
			);
			path = Animation;
			sourceTree = "<group>";
		};
/* End PBXGroup section */

/* Begin PBXNativeTarget section */
		CE76DFF92B16D22000A38041 /* OrderBookExtension */ = {
			isa = PBXNativeTarget;
			buildConfigurationList = CE76E00E2B16D22200A38041 /* Build configuration list for PBXNativeTarget "OrderBookExtension" */;
			buildPhases = (
				CE76DFF62B16D22000A38041 /* Sources */,
				CE76DFF72B16D22000A38041 /* Frameworks */,
				CE76DFF82B16D22000A38041 /* Resources */,
			);
			buildRules = (
			);
			dependencies = (
			);
			name = OrderBookExtension;
			productName = OrderBookExtension;
			productReference = CE76DFFA2B16D22100A38041 /* OrderBookExtension.appex */;
			productType = "com.apple.product-type.app-extension";
		};
		CEBDFBD62B0AFFF900D43BF9 /* SwiftUICoinOrderbook */ = {
			isa = PBXNativeTarget;
			buildConfigurationList = CEBDFBE52B0AFFFA00D43BF9 /* Build configuration list for PBXNativeTarget "SwiftUICoinOrderbook" */;
			buildPhases = (
				CEBDFBD32B0AFFF900D43BF9 /* Sources */,
				CEBDFBD42B0AFFF900D43BF9 /* Frameworks */,
				CEBDFBD52B0AFFF900D43BF9 /* Resources */,
				CE76E00B2B16D22200A38041 /* Embed Foundation Extensions */,
			);
			buildRules = (
			);
			dependencies = (
				CE76E0092B16D22200A38041 /* PBXTargetDependency */,
				CEE80AC52B18304D0041AC36 /* PBXTargetDependency */,
			);
			name = SwiftUICoinOrderbook;
			productName = SwiftUICoinOrderbook;
			productReference = CEBDFBD72B0AFFF900D43BF9 /* SwiftUICoinOrderbook.app */;
			productType = "com.apple.product-type.application";
		};
		CEE80AB82B18304C0041AC36 /* MyWidgetExtension */ = {
			isa = PBXNativeTarget;
			buildConfigurationList = CEE80AC72B18304D0041AC36 /* Build configuration list for PBXNativeTarget "MyWidgetExtension" */;
			buildPhases = (
				CEE80AB52B18304C0041AC36 /* Sources */,
				CEE80AB62B18304C0041AC36 /* Frameworks */,
				CEE80AB72B18304C0041AC36 /* Resources */,
			);
			buildRules = (
			);
			dependencies = (
			);
			name = MyWidgetExtension;
			productName = MyWidgetExtension;
			productReference = CEE80AB92B18304C0041AC36 /* MyWidgetExtension.appex */;
			productType = "com.apple.product-type.app-extension";
		};
/* End PBXNativeTarget section */

/* Begin PBXProject section */
		CEBDFBCF2B0AFFF900D43BF9 /* Project object */ = {
			isa = PBXProject;
			attributes = {
				BuildIndependentTargetsInParallel = 1;
				LastSwiftUpdateCheck = 1500;
				LastUpgradeCheck = 1500;
				TargetAttributes = {
					CE76DFF92B16D22000A38041 = {
						CreatedOnToolsVersion = 15.0.1;
					};
					CEBDFBD62B0AFFF900D43BF9 = {
						CreatedOnToolsVersion = 15.0.1;
					};
					CEE80AB82B18304C0041AC36 = {
						CreatedOnToolsVersion = 15.0.1;
					};
				};
			};
			buildConfigurationList = CEBDFBD22B0AFFF900D43BF9 /* Build configuration list for PBXProject "SwiftUICoinOrderbook" */;
			compatibilityVersion = "Xcode 14.0";
			developmentRegion = en;
			hasScannedForEncodings = 0;
			knownRegions = (
				en,
				Base,
			);
			mainGroup = CEBDFBCE2B0AFFF900D43BF9;
			productRefGroup = CEBDFBD82B0AFFF900D43BF9 /* Products */;
			projectDirPath = "";
			projectRoot = "";
			targets = (
				CEBDFBD62B0AFFF900D43BF9 /* SwiftUICoinOrderbook */,
				CE76DFF92B16D22000A38041 /* OrderBookExtension */,
				CEE80AB82B18304C0041AC36 /* MyWidgetExtension */,
			);
		};
/* End PBXProject section */

/* Begin PBXResourcesBuildPhase section */
		CE76DFF82B16D22000A38041 /* Resources */ = {
			isa = PBXResourcesBuildPhase;
			buildActionMask = 2147483647;
			files = (
				CE76E0062B16D22200A38041 /* Assets.xcassets in Resources */,
			);
			runOnlyForDeploymentPostprocessing = 0;
		};
		CEBDFBD52B0AFFF900D43BF9 /* Resources */ = {
			isa = PBXResourcesBuildPhase;
			buildActionMask = 2147483647;
			files = (
				CEBDFBE22B0AFFFA00D43BF9 /* Preview Assets.xcassets in Resources */,
				CEBDFBDF2B0AFFFA00D43BF9 /* Assets.xcassets in Resources */,
			);
			runOnlyForDeploymentPostprocessing = 0;
		};
		CEE80AB72B18304C0041AC36 /* Resources */ = {
			isa = PBXResourcesBuildPhase;
			buildActionMask = 2147483647;
			files = (
				CEE80AC22B18304D0041AC36 /* Assets.xcassets in Resources */,
			);
			runOnlyForDeploymentPostprocessing = 0;
		};
/* End PBXResourcesBuildPhase section */

/* Begin PBXSourcesBuildPhase section */
		CE76DFF62B16D22000A38041 /* Sources */ = {
			isa = PBXSourcesBuildPhase;
			buildActionMask = 2147483647;
			files = (
				CEE80A962B181A420041AC36 /* SimpleEntry.swift in Sources */,
				CE76E0022B16D22100A38041 /* OrderBookBundle.swift in Sources */,
				CEE80A992B181A8F0041AC36 /* EntryView.swift in Sources */,
				CEE80A932B1819380041AC36 /* Provider.swift in Sources */,
				CEE80A9F2B1820660041AC36 /* UserDefaultsGroup.swift in Sources */,
				CE76E0042B16D22100A38041 /* OrderBook.swift in Sources */,
			);
			runOnlyForDeploymentPostprocessing = 0;
		};
		CEBDFBD32B0AFFF900D43BF9 /* Sources */ = {
			isa = PBXSourcesBuildPhase;
			buildActionMask = 2147483647;
			files = (
				CE75C3DA2B157F4000A08615 /* OrderBookModel.swift in Sources */,
				CEA902FD2B14328D00F09FB8 /* HorizontalView.swift in Sources */,
				CEA902FF2B14357100F09FB8 /* HorizontalData.swift in Sources */,
				CEA903012B143C6400F09FB8 /* HorizontalViewModel.swift in Sources */,
				CEF386BF2B0C73520011E002 /* ListViewModel.swift in Sources */,
				CEF386BB2B0C59660011E002 /* ContentViewModel.swift in Sources */,
				CEF386BD2B0C73370011E002 /* ListView.swift in Sources */,
				CEBDFBDD2B0AFFF900D43BF9 /* ContentView.swift in Sources */,
				CEBDFBDB2B0AFFF900D43BF9 /* SwiftUICoinOrderbookApp.swift in Sources */,
				CEF386C12B0C80980011E002 /* BannerTestView.swift in Sources */,
				CEE80A9E2B18204E0041AC36 /* UserDefaultsGroup.swift in Sources */,
				CEBDFBEB2B0B090E00D43BF9 /* Money.swift in Sources */,
				CEFD67182B0D992300EF5E69 /* WalletDetailView.swift in Sources */,
				CEA902FA2B14219B00F09FB8 /* MyTextField.swift in Sources */,
				CEFD671A2B0DA52A00EF5E69 /* WalletModel.swift in Sources */,
				CEA902F82B141E6300F09FB8 /* MyWebView.swift in Sources */,
				CEF386B62B0C4A220011E002 /* OverlayView.swift in Sources */,
				CEE80AD62B187D080041AC36 /* WidgetTapView.swift in Sources */,
				CEBDFBED2B0B0A7E00D43BF9 /* ContentViewAssignment.swift in Sources */,
				CEF386B92B0C4E750011E002 /* UpbitAPI.swift in Sources */,
				CEA902F62B141D8F00F09FB8 /* SeSACView.swift in Sources */,
				CEBDFBEA2B0B090E00D43BF9 /* Banner.swift in Sources */,
				CEFD67162B0D85E900EF5E69 /* WalletView.swift in Sources */,
			);
			runOnlyForDeploymentPostprocessing = 0;
		};
		CEE80AB52B18304C0041AC36 /* Sources */ = {
			isa = PBXSourcesBuildPhase;
			buildActionMask = 2147483647;
			files = (
				CEE80ABE2B18304C0041AC36 /* MyWidgetBundle.swift in Sources */,
				CEE80AD72B187D4C0041AC36 /* WidgetTapView.swift in Sources */,
				CEE80AC02B18304C0041AC36 /* MyWidget.swift in Sources */,
			);
			runOnlyForDeploymentPostprocessing = 0;
		};
/* End PBXSourcesBuildPhase section */

/* Begin PBXTargetDependency section */
		CE76E0092B16D22200A38041 /* PBXTargetDependency */ = {
			isa = PBXTargetDependency;
			target = CE76DFF92B16D22000A38041 /* OrderBookExtension */;
			targetProxy = CE76E0082B16D22200A38041 /* PBXContainerItemProxy */;
		};
		CEE80AC52B18304D0041AC36 /* PBXTargetDependency */ = {
			isa = PBXTargetDependency;
			target = CEE80AB82B18304C0041AC36 /* MyWidgetExtension */;
			targetProxy = CEE80AC42B18304D0041AC36 /* PBXContainerItemProxy */;
		};
/* End PBXTargetDependency section */

/* Begin XCBuildConfiguration section */
		CE76E00C2B16D22200A38041 /* Debug */ = {
			isa = XCBuildConfiguration;
			buildSettings = {
				ASSETCATALOG_COMPILER_GLOBAL_ACCENT_COLOR_NAME = AccentColor;
				ASSETCATALOG_COMPILER_WIDGET_BACKGROUND_COLOR_NAME = WidgetBackground;
				CODE_SIGN_ENTITLEMENTS = OrderBookExtension.entitlements;
				CODE_SIGN_STYLE = Automatic;
				CURRENT_PROJECT_VERSION = 1;
				DEVELOPMENT_TEAM = DJP8DYB9HG;
				GENERATE_INFOPLIST_FILE = YES;
				INFOPLIST_FILE = OrderBook/Info.plist;
				INFOPLIST_KEY_CFBundleDisplayName = OrderBook;
				INFOPLIST_KEY_NSHumanReadableCopyright = "";
				LD_RUNPATH_SEARCH_PATHS = (
					"$(inherited)",
					"@executable_path/Frameworks",
					"@executable_path/../../Frameworks",
				);
				MARKETING_VERSION = 1.0;
				PRODUCT_BUNDLE_IDENTIFIER = com.jiyeon.SwiftUICoinOrderbook.OrderBook;
				PRODUCT_NAME = "$(TARGET_NAME)";
				SKIP_INSTALL = YES;
				SWIFT_EMIT_LOC_STRINGS = YES;
				SWIFT_VERSION = 5.0;
				TARGETED_DEVICE_FAMILY = "1,2";
			};
			name = Debug;
		};
		CE76E00D2B16D22200A38041 /* Release */ = {
			isa = XCBuildConfiguration;
			buildSettings = {
				ASSETCATALOG_COMPILER_GLOBAL_ACCENT_COLOR_NAME = AccentColor;
				ASSETCATALOG_COMPILER_WIDGET_BACKGROUND_COLOR_NAME = WidgetBackground;
				CODE_SIGN_ENTITLEMENTS = OrderBookExtension.entitlements;
				CODE_SIGN_STYLE = Automatic;
				CURRENT_PROJECT_VERSION = 1;
				DEVELOPMENT_TEAM = DJP8DYB9HG;
				GENERATE_INFOPLIST_FILE = YES;
				INFOPLIST_FILE = OrderBook/Info.plist;
				INFOPLIST_KEY_CFBundleDisplayName = OrderBook;
				INFOPLIST_KEY_NSHumanReadableCopyright = "";
				LD_RUNPATH_SEARCH_PATHS = (
					"$(inherited)",
					"@executable_path/Frameworks",
					"@executable_path/../../Frameworks",
				);
				MARKETING_VERSION = 1.0;
				PRODUCT_BUNDLE_IDENTIFIER = com.jiyeon.SwiftUICoinOrderbook.OrderBook;
				PRODUCT_NAME = "$(TARGET_NAME)";
				SKIP_INSTALL = YES;
				SWIFT_EMIT_LOC_STRINGS = YES;
				SWIFT_VERSION = 5.0;
				TARGETED_DEVICE_FAMILY = "1,2";
			};
			name = Release;
		};
		CEBDFBE32B0AFFFA00D43BF9 /* Debug */ = {
			isa = XCBuildConfiguration;
			buildSettings = {
				ALWAYS_SEARCH_USER_PATHS = NO;
				ASSETCATALOG_COMPILER_GENERATE_SWIFT_ASSET_SYMBOL_EXTENSIONS = YES;
				CLANG_ANALYZER_NONNULL = YES;
				CLANG_ANALYZER_NUMBER_OBJECT_CONVERSION = YES_AGGRESSIVE;
				CLANG_CXX_LANGUAGE_STANDARD = "gnu++20";
				CLANG_ENABLE_MODULES = YES;
				CLANG_ENABLE_OBJC_ARC = YES;
				CLANG_ENABLE_OBJC_WEAK = YES;
				CLANG_WARN_BLOCK_CAPTURE_AUTORELEASING = YES;
				CLANG_WARN_BOOL_CONVERSION = YES;
				CLANG_WARN_COMMA = YES;
				CLANG_WARN_CONSTANT_CONVERSION = YES;
				CLANG_WARN_DEPRECATED_OBJC_IMPLEMENTATIONS = YES;
				CLANG_WARN_DIRECT_OBJC_ISA_USAGE = YES_ERROR;
				CLANG_WARN_DOCUMENTATION_COMMENTS = YES;
				CLANG_WARN_EMPTY_BODY = YES;
				CLANG_WARN_ENUM_CONVERSION = YES;
				CLANG_WARN_INFINITE_RECURSION = YES;
				CLANG_WARN_INT_CONVERSION = YES;
				CLANG_WARN_NON_LITERAL_NULL_CONVERSION = YES;
				CLANG_WARN_OBJC_IMPLICIT_RETAIN_SELF = YES;
				CLANG_WARN_OBJC_LITERAL_CONVERSION = YES;
				CLANG_WARN_OBJC_ROOT_CLASS = YES_ERROR;
				CLANG_WARN_QUOTED_INCLUDE_IN_FRAMEWORK_HEADER = YES;
				CLANG_WARN_RANGE_LOOP_ANALYSIS = YES;
				CLANG_WARN_STRICT_PROTOTYPES = YES;
				CLANG_WARN_SUSPICIOUS_MOVE = YES;
				CLANG_WARN_UNGUARDED_AVAILABILITY = YES_AGGRESSIVE;
				CLANG_WARN_UNREACHABLE_CODE = YES;
				CLANG_WARN__DUPLICATE_METHOD_MATCH = YES;
				COPY_PHASE_STRIP = NO;
				DEBUG_INFORMATION_FORMAT = dwarf;
				ENABLE_STRICT_OBJC_MSGSEND = YES;
				ENABLE_TESTABILITY = YES;
				ENABLE_USER_SCRIPT_SANDBOXING = YES;
				GCC_C_LANGUAGE_STANDARD = gnu17;
				GCC_DYNAMIC_NO_PIC = NO;
				GCC_NO_COMMON_BLOCKS = YES;
				GCC_OPTIMIZATION_LEVEL = 0;
				GCC_PREPROCESSOR_DEFINITIONS = (
					"DEBUG=1",
					"$(inherited)",
				);
				GCC_WARN_64_TO_32_BIT_CONVERSION = YES;
				GCC_WARN_ABOUT_RETURN_TYPE = YES_ERROR;
				GCC_WARN_UNDECLARED_SELECTOR = YES;
				GCC_WARN_UNINITIALIZED_AUTOS = YES_AGGRESSIVE;
				GCC_WARN_UNUSED_FUNCTION = YES;
				GCC_WARN_UNUSED_VARIABLE = YES;
				IPHONEOS_DEPLOYMENT_TARGET = 17.0;
				LOCALIZATION_PREFERS_STRING_CATALOGS = YES;
				MTL_ENABLE_DEBUG_INFO = INCLUDE_SOURCE;
				MTL_FAST_MATH = YES;
				ONLY_ACTIVE_ARCH = YES;
				SDKROOT = iphoneos;
				SWIFT_ACTIVE_COMPILATION_CONDITIONS = "DEBUG $(inherited)";
				SWIFT_OPTIMIZATION_LEVEL = "-Onone";
			};
			name = Debug;
		};
		CEBDFBE42B0AFFFA00D43BF9 /* Release */ = {
			isa = XCBuildConfiguration;
			buildSettings = {
				ALWAYS_SEARCH_USER_PATHS = NO;
				ASSETCATALOG_COMPILER_GENERATE_SWIFT_ASSET_SYMBOL_EXTENSIONS = YES;
				CLANG_ANALYZER_NONNULL = YES;
				CLANG_ANALYZER_NUMBER_OBJECT_CONVERSION = YES_AGGRESSIVE;
				CLANG_CXX_LANGUAGE_STANDARD = "gnu++20";
				CLANG_ENABLE_MODULES = YES;
				CLANG_ENABLE_OBJC_ARC = YES;
				CLANG_ENABLE_OBJC_WEAK = YES;
				CLANG_WARN_BLOCK_CAPTURE_AUTORELEASING = YES;
				CLANG_WARN_BOOL_CONVERSION = YES;
				CLANG_WARN_COMMA = YES;
				CLANG_WARN_CONSTANT_CONVERSION = YES;
				CLANG_WARN_DEPRECATED_OBJC_IMPLEMENTATIONS = YES;
				CLANG_WARN_DIRECT_OBJC_ISA_USAGE = YES_ERROR;
				CLANG_WARN_DOCUMENTATION_COMMENTS = YES;
				CLANG_WARN_EMPTY_BODY = YES;
				CLANG_WARN_ENUM_CONVERSION = YES;
				CLANG_WARN_INFINITE_RECURSION = YES;
				CLANG_WARN_INT_CONVERSION = YES;
				CLANG_WARN_NON_LITERAL_NULL_CONVERSION = YES;
				CLANG_WARN_OBJC_IMPLICIT_RETAIN_SELF = YES;
				CLANG_WARN_OBJC_LITERAL_CONVERSION = YES;
				CLANG_WARN_OBJC_ROOT_CLASS = YES_ERROR;
				CLANG_WARN_QUOTED_INCLUDE_IN_FRAMEWORK_HEADER = YES;
				CLANG_WARN_RANGE_LOOP_ANALYSIS = YES;
				CLANG_WARN_STRICT_PROTOTYPES = YES;
				CLANG_WARN_SUSPICIOUS_MOVE = YES;
				CLANG_WARN_UNGUARDED_AVAILABILITY = YES_AGGRESSIVE;
				CLANG_WARN_UNREACHABLE_CODE = YES;
				CLANG_WARN__DUPLICATE_METHOD_MATCH = YES;
				COPY_PHASE_STRIP = NO;
				DEBUG_INFORMATION_FORMAT = "dwarf-with-dsym";
				ENABLE_NS_ASSERTIONS = NO;
				ENABLE_STRICT_OBJC_MSGSEND = YES;
				ENABLE_USER_SCRIPT_SANDBOXING = YES;
				GCC_C_LANGUAGE_STANDARD = gnu17;
				GCC_NO_COMMON_BLOCKS = YES;
				GCC_WARN_64_TO_32_BIT_CONVERSION = YES;
				GCC_WARN_ABOUT_RETURN_TYPE = YES_ERROR;
				GCC_WARN_UNDECLARED_SELECTOR = YES;
				GCC_WARN_UNINITIALIZED_AUTOS = YES_AGGRESSIVE;
				GCC_WARN_UNUSED_FUNCTION = YES;
				GCC_WARN_UNUSED_VARIABLE = YES;
				IPHONEOS_DEPLOYMENT_TARGET = 17.0;
				LOCALIZATION_PREFERS_STRING_CATALOGS = YES;
				MTL_ENABLE_DEBUG_INFO = NO;
				MTL_FAST_MATH = YES;
				SDKROOT = iphoneos;
				SWIFT_COMPILATION_MODE = wholemodule;
				VALIDATE_PRODUCT = YES;
			};
			name = Release;
		};
		CEBDFBE62B0AFFFA00D43BF9 /* Debug */ = {
			isa = XCBuildConfiguration;
			buildSettings = {
				ALWAYS_EMBED_SWIFT_STANDARD_LIBRARIES = YES;
				ASSETCATALOG_COMPILER_APPICON_NAME = AppIcon;
				ASSETCATALOG_COMPILER_GLOBAL_ACCENT_COLOR_NAME = AccentColor;
				CODE_SIGN_ENTITLEMENTS = SwiftUICoinOrderbook/SwiftUICoinOrderbook.entitlements;
				CODE_SIGN_STYLE = Automatic;
				CURRENT_PROJECT_VERSION = 1;
				DEVELOPMENT_ASSET_PATHS = "\"SwiftUICoinOrderbook/Preview Content\"";
				DEVELOPMENT_TEAM = DJP8DYB9HG;
				ENABLE_PREVIEWS = YES;
				GENERATE_INFOPLIST_FILE = YES;
				INFOPLIST_KEY_UIApplicationSceneManifest_Generation = YES;
				INFOPLIST_KEY_UIApplicationSupportsIndirectInputEvents = YES;
				INFOPLIST_KEY_UILaunchScreen_Generation = YES;
				INFOPLIST_KEY_UISupportedInterfaceOrientations_iPad = "UIInterfaceOrientationPortrait UIInterfaceOrientationPortraitUpsideDown UIInterfaceOrientationLandscapeLeft UIInterfaceOrientationLandscapeRight";
				INFOPLIST_KEY_UISupportedInterfaceOrientations_iPhone = "UIInterfaceOrientationPortrait UIInterfaceOrientationLandscapeLeft UIInterfaceOrientationLandscapeRight";
				LD_RUNPATH_SEARCH_PATHS = (
					"$(inherited)",
					"@executable_path/Frameworks",
				);
				MARKETING_VERSION = 1.0;
				PRODUCT_BUNDLE_IDENTIFIER = com.jiyeon.SwiftUICoinOrderbook;
				PRODUCT_NAME = "$(TARGET_NAME)";
				SWIFT_EMIT_LOC_STRINGS = YES;
				SWIFT_VERSION = 5.0;
				TARGETED_DEVICE_FAMILY = "1,2";
			};
			name = Debug;
		};
		CEBDFBE72B0AFFFA00D43BF9 /* Release */ = {
			isa = XCBuildConfiguration;
			buildSettings = {
				ALWAYS_EMBED_SWIFT_STANDARD_LIBRARIES = YES;
				ASSETCATALOG_COMPILER_APPICON_NAME = AppIcon;
				ASSETCATALOG_COMPILER_GLOBAL_ACCENT_COLOR_NAME = AccentColor;
				CODE_SIGN_ENTITLEMENTS = SwiftUICoinOrderbook/SwiftUICoinOrderbook.entitlements;
				CODE_SIGN_STYLE = Automatic;
				CURRENT_PROJECT_VERSION = 1;
				DEVELOPMENT_ASSET_PATHS = "\"SwiftUICoinOrderbook/Preview Content\"";
				DEVELOPMENT_TEAM = DJP8DYB9HG;
				ENABLE_PREVIEWS = YES;
				GENERATE_INFOPLIST_FILE = YES;
				INFOPLIST_KEY_UIApplicationSceneManifest_Generation = YES;
				INFOPLIST_KEY_UIApplicationSupportsIndirectInputEvents = YES;
				INFOPLIST_KEY_UILaunchScreen_Generation = YES;
				INFOPLIST_KEY_UISupportedInterfaceOrientations_iPad = "UIInterfaceOrientationPortrait UIInterfaceOrientationPortraitUpsideDown UIInterfaceOrientationLandscapeLeft UIInterfaceOrientationLandscapeRight";
				INFOPLIST_KEY_UISupportedInterfaceOrientations_iPhone = "UIInterfaceOrientationPortrait UIInterfaceOrientationLandscapeLeft UIInterfaceOrientationLandscapeRight";
				LD_RUNPATH_SEARCH_PATHS = (
					"$(inherited)",
					"@executable_path/Frameworks",
				);
				MARKETING_VERSION = 1.0;
				PRODUCT_BUNDLE_IDENTIFIER = com.jiyeon.SwiftUICoinOrderbook;
				PRODUCT_NAME = "$(TARGET_NAME)";
				SWIFT_EMIT_LOC_STRINGS = YES;
				SWIFT_VERSION = 5.0;
				TARGETED_DEVICE_FAMILY = "1,2";
			};
			name = Release;
		};
		CEE80AC82B18304D0041AC36 /* Debug */ = {
			isa = XCBuildConfiguration;
			buildSettings = {
				ASSETCATALOG_COMPILER_GLOBAL_ACCENT_COLOR_NAME = AccentColor;
				ASSETCATALOG_COMPILER_WIDGET_BACKGROUND_COLOR_NAME = WidgetBackground;
				CODE_SIGN_STYLE = Automatic;
				CURRENT_PROJECT_VERSION = 1;
				DEVELOPMENT_TEAM = DJP8DYB9HG;
				GENERATE_INFOPLIST_FILE = YES;
				INFOPLIST_FILE = MyWidget/Info.plist;
				INFOPLIST_KEY_CFBundleDisplayName = MyWidget;
				INFOPLIST_KEY_NSHumanReadableCopyright = "";
				LD_RUNPATH_SEARCH_PATHS = (
					"$(inherited)",
					"@executable_path/Frameworks",
					"@executable_path/../../Frameworks",
				);
				MARKETING_VERSION = 1.0;
				PRODUCT_BUNDLE_IDENTIFIER = com.jiyeon.SwiftUICoinOrderbook.MyWidget;
				PRODUCT_NAME = "$(TARGET_NAME)";
				SKIP_INSTALL = YES;
				SWIFT_EMIT_LOC_STRINGS = YES;
				SWIFT_VERSION = 5.0;
				TARGETED_DEVICE_FAMILY = "1,2";
			};
			name = Debug;
		};
		CEE80AC92B18304D0041AC36 /* Release */ = {
			isa = XCBuildConfiguration;
			buildSettings = {
				ASSETCATALOG_COMPILER_GLOBAL_ACCENT_COLOR_NAME = AccentColor;
				ASSETCATALOG_COMPILER_WIDGET_BACKGROUND_COLOR_NAME = WidgetBackground;
				CODE_SIGN_STYLE = Automatic;
				CURRENT_PROJECT_VERSION = 1;
				DEVELOPMENT_TEAM = DJP8DYB9HG;
				GENERATE_INFOPLIST_FILE = YES;
				INFOPLIST_FILE = MyWidget/Info.plist;
				INFOPLIST_KEY_CFBundleDisplayName = MyWidget;
				INFOPLIST_KEY_NSHumanReadableCopyright = "";
				LD_RUNPATH_SEARCH_PATHS = (
					"$(inherited)",
					"@executable_path/Frameworks",
					"@executable_path/../../Frameworks",
				);
				MARKETING_VERSION = 1.0;
				PRODUCT_BUNDLE_IDENTIFIER = com.jiyeon.SwiftUICoinOrderbook.MyWidget;
				PRODUCT_NAME = "$(TARGET_NAME)";
				SKIP_INSTALL = YES;
				SWIFT_EMIT_LOC_STRINGS = YES;
				SWIFT_VERSION = 5.0;
				TARGETED_DEVICE_FAMILY = "1,2";
			};
			name = Release;
		};
/* End XCBuildConfiguration section */

/* Begin XCConfigurationList section */
		CE76E00E2B16D22200A38041 /* Build configuration list for PBXNativeTarget "OrderBookExtension" */ = {
			isa = XCConfigurationList;
			buildConfigurations = (
				CE76E00C2B16D22200A38041 /* Debug */,
				CE76E00D2B16D22200A38041 /* Release */,
			);
			defaultConfigurationIsVisible = 0;
			defaultConfigurationName = Release;
		};
		CEBDFBD22B0AFFF900D43BF9 /* Build configuration list for PBXProject "SwiftUICoinOrderbook" */ = {
			isa = XCConfigurationList;
			buildConfigurations = (
				CEBDFBE32B0AFFFA00D43BF9 /* Debug */,
				CEBDFBE42B0AFFFA00D43BF9 /* Release */,
			);
			defaultConfigurationIsVisible = 0;
			defaultConfigurationName = Release;
		};
		CEBDFBE52B0AFFFA00D43BF9 /* Build configuration list for PBXNativeTarget "SwiftUICoinOrderbook" */ = {
			isa = XCConfigurationList;
			buildConfigurations = (
				CEBDFBE62B0AFFFA00D43BF9 /* Debug */,
				CEBDFBE72B0AFFFA00D43BF9 /* Release */,
			);
			defaultConfigurationIsVisible = 0;
			defaultConfigurationName = Release;
		};
		CEE80AC72B18304D0041AC36 /* Build configuration list for PBXNativeTarget "MyWidgetExtension" */ = {
			isa = XCConfigurationList;
			buildConfigurations = (
				CEE80AC82B18304D0041AC36 /* Debug */,
				CEE80AC92B18304D0041AC36 /* Release */,
			);
			defaultConfigurationIsVisible = 0;
			defaultConfigurationName = Release;
		};
/* End XCConfigurationList section */
	};
	rootObject = CEBDFBCF2B0AFFF900D43BF9 /* Project object */;
}
